
Microsoft Visual Studio Solution File, Format Version 12.00
# Visual Studio Version 17
VisualStudioVersion = 17.5.2.0
MinimumVisualStudioVersion = 10.0.40219.1
Project("{FAE04EC0-301F-11D3-BF4B-00C04F79EFBC}") = "Projecttaskmanager", "Projecttaskmanager\Projecttaskmanager.csproj", "{5FA71593-F2FB-FF4C-52BE-3C2F128EDEB9}"
EndProject
Project("{FAE04EC0-301F-11D3-BF4B-00C04F79EFBC}") = "ProjectTaskManager.Tests", "ProjectTaskManager.Tests\ProjectTaskManager.Tests.csproj", "{FFA57B84-940E-41FF-9FEB-08E34041DDFA}"
EndProject
Global
	GlobalSection(SolutionConfigurationPlatforms) = preSolution
		Debug|Any CPU = Debug|Any CPU
		Debug|x64 = Debug|x64
		Debug|x86 = Debug|x86
		Release|Any CPU = Release|Any CPU
		Release|x64 = Release|x64
		Release|x86 = Release|x86
	EndGlobalSection
	GlobalSection(ProjectConfigurationPlatforms) = postSolution
		{5FA71593-F2FB-FF4C-52BE-3C2F128EDEB9}.Debug|Any CPU.ActiveCfg = Debug|Any CPU
		{5FA71593-F2FB-FF4C-52BE-3C2F128EDEB9}.Debug|Any CPU.Build.0 = Debug|Any CPU
		{5FA71593-F2FB-FF4C-52BE-3C2F128EDEB9}.Debug|x64.ActiveCfg = Debug|Any CPU
		{5FA71593-F2FB-FF4C-52BE-3C2F128EDEB9}.Debug|x64.Build.0 = Debug|Any CPU
		{5FA71593-F2FB-FF4C-52BE-3C2F128EDEB9}.Debug|x86.ActiveCfg = Debug|Any CPU
		{5FA71593-F2FB-FF4C-52BE-3C2F128EDEB9}.Debug|x86.Build.0 = Debug|Any CPU
		{5FA71593-F2FB-FF4C-52BE-3C2F128EDEB9}.Release|Any CPU.ActiveCfg = Release|Any CPU
		{5FA71593-F2FB-FF4C-52BE-3C2F128EDEB9}.Release|Any CPU.Build.0 = Release|Any CPU
		{5FA71593-F2FB-FF4C-52BE-3C2F128EDEB9}.Release|x64.ActiveCfg = Release|Any CPU
		{5FA71593-F2FB-FF4C-52BE-3C2F128EDEB9}.Release|x64.Build.0 = Release|Any CPU
		{5FA71593-F2FB-FF4C-52BE-3C2F128EDEB9}.Release|x86.ActiveCfg = Release|Any CPU
		{5FA71593-F2FB-FF4C-52BE-3C2F128EDEB9}.Release|x86.Build.0 = Release|Any CPU
		{FFA57B84-940E-41FF-9FEB-08E34041DDFA}.Debug|Any CPU.ActiveCfg = Debug|Any CPU
		{FFA57B84-940E-41FF-9FEB-08E34041DDFA}.Debug|Any CPU.Build.0 = Debug|Any CPU
		{FFA57B84-940E-41FF-9FEB-08E34041DDFA}.Debug|x64.ActiveCfg = Debug|Any CPU
		{FFA57B84-940E-41FF-9FEB-08E34041DDFA}.Debug|x64.Build.0 = Debug|Any CPU
		{FFA57B84-940E-41FF-9FEB-08E34041DDFA}.Debug|x86.ActiveCfg = Debug|Any CPU
		{FFA57B84-940E-41FF-9FEB-08E34041DDFA}.Debug|x86.Build.0 = Debug|Any CPU
		{FFA57B84-940E-41FF-9FEB-08E34041DDFA}.Release|Any CPU.ActiveCfg = Release|Any CPU
		{FFA57B84-940E-41FF-9FEB-08E34041DDFA}.Release|Any CPU.Build.0 = Release|Any CPU
		{FFA57B84-940E-41FF-9FEB-08E34041DDFA}.Release|x64.ActiveCfg = Release|Any CPU
		{FFA57B84-940E-41FF-9FEB-08E34041DDFA}.Release|x64.Build.0 = Release|Any CPU
		{FFA57B84-940E-41FF-9FEB-08E34041DDFA}.Release|x86.ActiveCfg = Release|Any CPU
		{FFA57B84-940E-41FF-9FEB-08E34041DDFA}.Release|x86.Build.0 = Release|Any CPU
	EndGlobalSection
	GlobalSection(SolutionProperties) = preSolution
		HideSolutionNode = FALSE
	EndGlobalSection
	GlobalSection(ExtensibilityGlobals) = postSolution
		SolutionGuid = {46A180E6-867A-4B20-B67D-3D0D0BCE23CC}
	EndGlobalSection
EndGlobal
